<?xml version="1.0" encoding="utf-8"?>
<Project ToolsVersion="4.0" xmlns="http://schemas.microsoft.com/developer/msbuild/2003">
  <ItemGroup>
    <ClCompile Include="main.cpp" />
    <ClCompile Include="PhysicsEngine.cpp" />
    <ClCompile Include="resource_manager.cpp" />
    <ClCompile Include="shader.cpp" />
    <ClCompile Include="includes\glad\glad.c" />
  </ItemGroup>
  <ItemGroup>
    <ClInclude Include="camera.h" />
    <ClInclude Include="Cube.h" />
    <ClInclude Include="PhysicsEngine.h" />
    <ClInclude Include="resource_manager.h" />
    <ClInclude Include="shader.h" />
    <ClInclude Include="GameMap.h" />
    <ClInclude Include="CSUlogo.h" />
    <ClInclude Include="Texture.h" />
    <ClInclude Include="GameSceneControl.h" />
    <ClInclude Include="ParticleSystem.h" />
    <ClInclude Include="Hawkeye.h" />
    <ClInclude Include="Square.h" />
  </ItemGroup>
  <ItemGroup>
    <None Include="resources\shader\skybox.vs" />
    <None Include="resources\shader\skybox.fs" />
    <None Include="resources\shader\fullPic.fs" />
    <None Include="resources\shader\fullPic.vs" />
    <None Include="resources\shader\cube.vs" />
    <None Include="resources\shader\cube.fs" />
    <None Include="resources\shader\logo.fs" />
    <None Include="resources\shader\logo.vs" />
    <None Include="resources\shader\hawkeye.vs" />
    <None Include="resources\shader\hawkeye.fs" />
  </ItemGroup>
  <ItemGroup>
    <ResourceCompile Include="MyOpenGLGame.rc" />
  </ItemGroup>
  <ItemGroup>
    <Text Include="resources\maps\CollectMap.txt" />
    <Text Include="resources\maps\MazeMap.txt" />
  </ItemGroup>
</Project>