<?xml version="1.0" encoding="utf-8"?>
<Project ToolsVersion="4.0" xmlns="http://schemas.microsoft.com/developer/msbuild/2003">
  <ItemGroup>
    <ClCompile Include="Cube.cpp" />
    <ClCompile Include="main.cpp" />
    <ClCompile Include="PhysicsEngine.cpp" />
    <ClCompile Include="resource_manager.cpp" />
    <ClCompile Include="shader.cpp" />
    <ClCompile Include="includes\glad\glad.c" />
    <ClCompile Include="GameMap.cpp" />
    <ClCompile Include="Hawkeye.cpp" />
    <ClCompile Include="CSUlogo.cpp" />
    <ClCompile Include="GameScene.cpp" />
  </ItemGroup>
  <ItemGroup>
    <ClInclude Include="camera.h" />
    <ClInclude Include="Cube.h" />
    <ClInclude Include="PhysicsEngine.h" />
    <ClInclude Include="resource_manager.h" />
    <ClInclude Include="shader.h" />
    <ClInclude Include="GameMap.h" />
    <ClInclude Include="Hawkeye.h" />
    <ClInclude Include="CSUlogo.h" />
    <ClInclude Include="GameScene.h" />
    <ClInclude Include="Texture.h" />
  </ItemGroup>
  <ItemGroup>
    <None Include="resources\shader\skybox.vs" />
    <None Include="resources\shader\skybox.fs" />
    <None Include="resources\shader\cube_shader.fs" />
    <None Include="resources\shader\cube_shader.vs" />
    <None Include="resources\shader\logo_shader.vs" />
    <None Include="resources\shader\logo_shader.fs" />
  </ItemGroup>
  <ItemGroup>
    <ResourceCompile Include="MyOpenGLGame.rc" />
  </ItemGroup>
  <ItemGroup>
    <Text Include="resources\maps\map1.txt" />
    <Text Include="resources\maps\mazeMap.txt" />
  </ItemGroup>
</Project>